
Microsoft Visual Studio Solution File, Format Version 12.00
# Visual Studio Version 17
VisualStudioVersion = 17.7.34031.279
MinimumVisualStudioVersion = 10.0.40219.1
Project("{FAE04EC0-301F-11D3-BF4B-00C04F79EFBC}") = "CryptoMarketViewer.API", "CryptoMarketViewer.API\CryptoMarketViewer.API.csproj", "{CCBE7374-FE21-4A71-95A7-8FF3467F6742}"
EndProject
Project("{FAE04EC0-301F-11D3-BF4B-00C04F79EFBC}") = "CryptoMarketViewer.Application", "CryptoMarketViewer.Application\CryptoMarketViewer.Application.csproj", "{BB0FDDB1-DA83-4088-8D65-87CEFFB54789}"
EndProject
Project("{FAE04EC0-301F-11D3-BF4B-00C04F79EFBC}") = "CryptoMarketViewer.Domain", "CryptoMarketViewer.Domain\CryptoMarketViewer.Domain.csproj", "{7F63D0F9-D92C-4243-9D23-60BF7B3432E0}"
EndProject
Project("{FAE04EC0-301F-11D3-BF4B-00C04F79EFBC}") = "CryptoMarketViewer.Infrastructure", "CryptoMarketViewer.Infrastructure\CryptoMarketViewer.Infrastructure.csproj", "{1598A157-9A86-4FE8-A25E-CD0F62666193}"
EndProject
Project("{2150E333-8FDC-42A3-9474-1A3956D46DE8}") = "Solution Items", "Solution Items", "{2CA8F944-46FA-4802-AC56-5369CD250CC8}"
	ProjectSection(SolutionItems) = preProject
		ReadMe.md = ReadMe.md
		Solution.md = Solution.md
	EndProjectSection
EndProject
Global
	GlobalSection(SolutionConfigurationPlatforms) = preSolution
		Debug|Any CPU = Debug|Any CPU
		Release|Any CPU = Release|Any CPU
	EndGlobalSection
	GlobalSection(ProjectConfigurationPlatforms) = postSolution
		{CCBE7374-FE21-4A71-95A7-8FF3467F6742}.Debug|Any CPU.ActiveCfg = Debug|Any CPU
		{CCBE7374-FE21-4A71-95A7-8FF3467F6742}.Debug|Any CPU.Build.0 = Debug|Any CPU
		{CCBE7374-FE21-4A71-95A7-8FF3467F6742}.Release|Any CPU.ActiveCfg = Release|Any CPU
		{CCBE7374-FE21-4A71-95A7-8FF3467F6742}.Release|Any CPU.Build.0 = Release|Any CPU
		{BB0FDDB1-DA83-4088-8D65-87CEFFB54789}.Debug|Any CPU.ActiveCfg = Debug|Any CPU
		{BB0FDDB1-DA83-4088-8D65-87CEFFB54789}.Debug|Any CPU.Build.0 = Debug|Any CPU
		{BB0FDDB1-DA83-4088-8D65-87CEFFB54789}.Release|Any CPU.ActiveCfg = Release|Any CPU
		{BB0FDDB1-DA83-4088-8D65-87CEFFB54789}.Release|Any CPU.Build.0 = Release|Any CPU
		{7F63D0F9-D92C-4243-9D23-60BF7B3432E0}.Debug|Any CPU.ActiveCfg = Debug|Any CPU
		{7F63D0F9-D92C-4243-9D23-60BF7B3432E0}.Debug|Any CPU.Build.0 = Debug|Any CPU
		{7F63D0F9-D92C-4243-9D23-60BF7B3432E0}.Release|Any CPU.ActiveCfg = Release|Any CPU
		{7F63D0F9-D92C-4243-9D23-60BF7B3432E0}.Release|Any CPU.Build.0 = Release|Any CPU
		{1598A157-9A86-4FE8-A25E-CD0F62666193}.Debug|Any CPU.ActiveCfg = Debug|Any CPU
		{1598A157-9A86-4FE8-A25E-CD0F62666193}.Debug|Any CPU.Build.0 = Debug|Any CPU
		{1598A157-9A86-4FE8-A25E-CD0F62666193}.Release|Any CPU.ActiveCfg = Release|Any CPU
		{1598A157-9A86-4FE8-A25E-CD0F62666193}.Release|Any CPU.Build.0 = Release|Any CPU
	EndGlobalSection
	GlobalSection(SolutionProperties) = preSolution
		HideSolutionNode = FALSE
	EndGlobalSection
	GlobalSection(ExtensibilityGlobals) = postSolution
		SolutionGuid = {68EBFD37-C100-49CC-9392-DE7F092EEEE6}
	EndGlobalSection
EndGlobal
